
Microsoft Visual Studio Solution File, Format Version 12.00
# Visual Studio Version 17
VisualStudioVersion = 17.9.34728.123
MinimumVisualStudioVersion = 10.0.40219.1
Project("{9A19103F-16F7-4668-BE54-9A1E7A4F7556}") = "Store.Domain", "src\Store.Domain\Store.Domain.csproj", "{554AD327-6DBA-4F8F-96F8-81CE7A0C863F}"
EndProject
Project("{9A19103F-16F7-4668-BE54-9A1E7A4F7556}") = "Store.Application", "src\Store.Application\Store.Application.csproj", "{1A94A50E-06DC-43C1-80B5-B662820EC3EB}"
EndProject
Project("{9A19103F-16F7-4668-BE54-9A1E7A4F7556}") = "Store.EntityFrameworkCore", "src\Store.EntityFrameworkCore\Store.EntityFrameworkCore.csproj", "{C956DD76-69C8-4A9C-83EA-D17DF83340FD}"
EndProject
Project("{2150E333-8FDC-42A3-9474-1A3956D46DE8}") = "src", "src", "{CA9AC87F-097E-4F15-8393-4BC07735A5B0}"
EndProject
Project("{2150E333-8FDC-42A3-9474-1A3956D46DE8}") = "test", "test", "{04DBDB01-70F4-4E06-B468-8F87850B22BE}"
EndProject
Project("{9A19103F-16F7-4668-BE54-9A1E7A4F7556}") = "Store.Application.Tests", "test\Store.Application.Tests\Store.Application.Tests.csproj", "{50B2631D-129C-47B3-A587-029CCD6099BC}"
EndProject
Project("{9A19103F-16F7-4668-BE54-9A1E7A4F7556}") = "Store.Domain.Shared", "src\Store.Domain.Shared\Store.Domain.Shared.csproj", "{42F719ED-8413-4895-B5B4-5AB56079BC66}"
EndProject
Project("{9A19103F-16F7-4668-BE54-9A1E7A4F7556}") = "Store.Application.Contracts", "src\Store.Application.Contracts\Store.Application.Contracts.csproj", "{520659C8-C734-4298-A3DA-B539DB9DFC0B}"
EndProject
Project("{9A19103F-16F7-4668-BE54-9A1E7A4F7556}") = "Store.HttpApi", "src\Store.HttpApi\Store.HttpApi.csproj", "{4164BDF7-F527-4E85-9CE6-E3C2D7426A27}"
EndProject
Project("{9A19103F-16F7-4668-BE54-9A1E7A4F7556}") = "Store.HttpApi.Client", "src\Store.HttpApi.Client\Store.HttpApi.Client.csproj", "{3B5A0094-670D-4BB1-BFDD-61B88A8773DC}"
EndProject
Project("{9A19103F-16F7-4668-BE54-9A1E7A4F7556}") = "Store.AuthServer", "src\Store.AuthServer\Store.AuthServer.csproj", "{073C361E-B8F4-49F5-93CC-72A3FF49C026}"
EndProject
Project("{9A19103F-16F7-4668-BE54-9A1E7A4F7556}") = "Store.HttpApi.Host", "src\Store.HttpApi.Host\Store.HttpApi.Host.csproj", "{E6D5BF0E-DE92-4D82-A352-EF04B37CB11C}"
EndProject
Project("{9A19103F-16F7-4668-BE54-9A1E7A4F7556}") = "Store.EntityFrameworkCore.Tests", "test\Store.EntityFrameworkCore.Tests\Store.EntityFrameworkCore.Tests.csproj", "{1FE30EB9-74A9-47F5-A9F6-7B1FAB672D81}"
EndProject
Project("{9A19103F-16F7-4668-BE54-9A1E7A4F7556}") = "Store.TestBase", "test\Store.TestBase\Store.TestBase.csproj", "{91853F21-9CD9-4132-BC29-A7D5D84FFFE7}"
EndProject
Project("{9A19103F-16F7-4668-BE54-9A1E7A4F7556}") = "Store.Domain.Tests", "test\Store.Domain.Tests\Store.Domain.Tests.csproj", "{E512F4D9-9375-480F-A2F6-A46509F9D824}"
EndProject
Project("{9A19103F-16F7-4668-BE54-9A1E7A4F7556}") = "Store.HttpApi.Client.ConsoleTestApp", "test\Store.HttpApi.Client.ConsoleTestApp\Store.HttpApi.Client.ConsoleTestApp.csproj", "{EF480016-9127-4916-8735-D2466BDBC582}"
EndProject
Project("{9A19103F-16F7-4668-BE54-9A1E7A4F7556}") = "Store.DbMigrator", "src\Store.DbMigrator\Store.DbMigrator.csproj", "{AA94D832-1CCC-4715-95A9-A483F23A1A5D}"
EndProject
Project("{9A19103F-16F7-4668-BE54-9A1E7A4F7556}") = "Store.Admin.Application", "src\Store.Admin.Application\Store.Admin.Application.csproj", "{08155529-B5B4-4432-9380-F8BEA91C16D4}"
EndProject
Project("{9A19103F-16F7-4668-BE54-9A1E7A4F7556}") = "Store.Admin.Application.Contracts", "src\Store.Admin.Application.Contracts\Store.Admin.Application.Contracts.csproj", "{D12DA2FF-3DAE-431E-9A1B-26FCA8BF389E}"
EndProject
Project("{9A19103F-16F7-4668-BE54-9A1E7A4F7556}") = "Store.Admin.HttpApi", "src\Store.Admin.HttpApi\Store.Admin.HttpApi.csproj", "{2DA62102-40DD-49D2-95E2-24E01153006F}"
EndProject
Project("{9A19103F-16F7-4668-BE54-9A1E7A4F7556}") = "Store.Admin.HttpApi.Client", "src\Store.Admin.HttpApi.Client\Store.Admin.HttpApi.Client.csproj", "{A9B81C80-8738-4C0A-B551-1E7B6DBF1501}"
EndProject
Project("{9A19103F-16F7-4668-BE54-9A1E7A4F7556}") = "Store.Admin.HttpApi.Host", "src\Store.Admin.HttpApi.Host\Store.Admin.HttpApi.Host.csproj", "{2B41BE59-635C-4CAA-B55E-040B3A649739}"
EndProject
Project("{2150E333-8FDC-42A3-9474-1A3956D46DE8}") = "admin", "admin", "{EEE33B4C-029C-493E-85C7-4E46A38D540D}"
EndProject
Project("{2150E333-8FDC-42A3-9474-1A3956D46DE8}") = "public", "public", "{F5A45033-E276-475F-BCBF-CCC0A108AAF2}"
EndProject
Project("{2150E333-8FDC-42A3-9474-1A3956D46DE8}") = "common", "common", "{BF38E484-9DF9-4770-B708-19327203FC6A}"
EndProject
Project("{2150E333-8FDC-42A3-9474-1A3956D46DE8}") = "domain", "domain", "{C4D64A8C-0A5A-4D7A-B09E-58C28E533300}"
EndProject
Project("{2150E333-8FDC-42A3-9474-1A3956D46DE8}") = "infrastructure", "infrastructure", "{75CFE6E6-F1FE-437C-BC17-FCA9DA5D4EDF}"
EndProject
Project("{2150E333-8FDC-42A3-9474-1A3956D46DE8}") = "identity", "identity", "{1BF8CE02-34A7-438C-8841-6D23283E0C49}"
EndProject
Project("{2150E333-8FDC-42A3-9474-1A3956D46DE8}") = "admin", "admin", "{CDF7095A-5DAB-4EB8-9A71-CAE8C43CE50F}"
EndProject
Project("{2150E333-8FDC-42A3-9474-1A3956D46DE8}") = "public", "public", "{8F2914D4-94B6-4B4A-80DB-52096F7FF2E5}"
EndProject
Project("{2150E333-8FDC-42A3-9474-1A3956D46DE8}") = "shared", "shared", "{207B7646-D042-4C2C-846F-01BC9196A87D}"
EndProject
Project("{9A19103F-16F7-4668-BE54-9A1E7A4F7556}") = "Store.Admin.Application.Tests", "test\Store.Admin.Application.Tests\Store.Admin.Application.Tests.csproj", "{053E7A15-D75F-4855-8C58-60FFCBA131E1}"
EndProject
Project("{9A19103F-16F7-4668-BE54-9A1E7A4F7556}") = "Store.Admin.HttpApi.Client.ConsoleTestApp", "test\Store.Admin.HttpApi.Client.ConsoleTestApp\Store.Admin.HttpApi.Client.ConsoleTestApp.csproj", "{77753286-70A5-4EF8-8D7D-A6BD14230F9D}"
EndProject
Global
	GlobalSection(SolutionConfigurationPlatforms) = preSolution
		Debug|Any CPU = Debug|Any CPU
		Release|Any CPU = Release|Any CPU
	EndGlobalSection
	GlobalSection(ProjectConfigurationPlatforms) = postSolution
		{554AD327-6DBA-4F8F-96F8-81CE7A0C863F}.Debug|Any CPU.ActiveCfg = Debug|Any CPU
		{554AD327-6DBA-4F8F-96F8-81CE7A0C863F}.Debug|Any CPU.Build.0 = Debug|Any CPU
		{554AD327-6DBA-4F8F-96F8-81CE7A0C863F}.Release|Any CPU.ActiveCfg = Release|Any CPU
		{554AD327-6DBA-4F8F-96F8-81CE7A0C863F}.Release|Any CPU.Build.0 = Release|Any CPU
		{1A94A50E-06DC-43C1-80B5-B662820EC3EB}.Debug|Any CPU.ActiveCfg = Debug|Any CPU
		{1A94A50E-06DC-43C1-80B5-B662820EC3EB}.Debug|Any CPU.Build.0 = Debug|Any CPU
		{1A94A50E-06DC-43C1-80B5-B662820EC3EB}.Release|Any CPU.ActiveCfg = Release|Any CPU
		{1A94A50E-06DC-43C1-80B5-B662820EC3EB}.Release|Any CPU.Build.0 = Release|Any CPU
		{C956DD76-69C8-4A9C-83EA-D17DF83340FD}.Debug|Any CPU.ActiveCfg = Debug|Any CPU
		{C956DD76-69C8-4A9C-83EA-D17DF83340FD}.Debug|Any CPU.Build.0 = Debug|Any CPU
		{C956DD76-69C8-4A9C-83EA-D17DF83340FD}.Release|Any CPU.ActiveCfg = Release|Any CPU
		{C956DD76-69C8-4A9C-83EA-D17DF83340FD}.Release|Any CPU.Build.0 = Release|Any CPU
		{50B2631D-129C-47B3-A587-029CCD6099BC}.Debug|Any CPU.ActiveCfg = Debug|Any CPU
		{50B2631D-129C-47B3-A587-029CCD6099BC}.Debug|Any CPU.Build.0 = Debug|Any CPU
		{50B2631D-129C-47B3-A587-029CCD6099BC}.Release|Any CPU.ActiveCfg = Release|Any CPU
		{50B2631D-129C-47B3-A587-029CCD6099BC}.Release|Any CPU.Build.0 = Release|Any CPU
		{42F719ED-8413-4895-B5B4-5AB56079BC66}.Debug|Any CPU.ActiveCfg = Debug|Any CPU
		{42F719ED-8413-4895-B5B4-5AB56079BC66}.Debug|Any CPU.Build.0 = Debug|Any CPU
		{42F719ED-8413-4895-B5B4-5AB56079BC66}.Release|Any CPU.ActiveCfg = Release|Any CPU
		{42F719ED-8413-4895-B5B4-5AB56079BC66}.Release|Any CPU.Build.0 = Release|Any CPU
		{520659C8-C734-4298-A3DA-B539DB9DFC0B}.Debug|Any CPU.ActiveCfg = Debug|Any CPU
		{520659C8-C734-4298-A3DA-B539DB9DFC0B}.Debug|Any CPU.Build.0 = Debug|Any CPU
		{520659C8-C734-4298-A3DA-B539DB9DFC0B}.Release|Any CPU.ActiveCfg = Release|Any CPU
		{520659C8-C734-4298-A3DA-B539DB9DFC0B}.Release|Any CPU.Build.0 = Release|Any CPU
		{4164BDF7-F527-4E85-9CE6-E3C2D7426A27}.Debug|Any CPU.ActiveCfg = Debug|Any CPU
		{4164BDF7-F527-4E85-9CE6-E3C2D7426A27}.Debug|Any CPU.Build.0 = Debug|Any CPU
		{4164BDF7-F527-4E85-9CE6-E3C2D7426A27}.Release|Any CPU.ActiveCfg = Release|Any CPU
		{4164BDF7-F527-4E85-9CE6-E3C2D7426A27}.Release|Any CPU.Build.0 = Release|Any CPU
		{3B5A0094-670D-4BB1-BFDD-61B88A8773DC}.Debug|Any CPU.ActiveCfg = Debug|Any CPU
		{3B5A0094-670D-4BB1-BFDD-61B88A8773DC}.Debug|Any CPU.Build.0 = Debug|Any CPU
		{3B5A0094-670D-4BB1-BFDD-61B88A8773DC}.Release|Any CPU.ActiveCfg = Release|Any CPU
		{3B5A0094-670D-4BB1-BFDD-61B88A8773DC}.Release|Any CPU.Build.0 = Release|Any CPU
		{073C361E-B8F4-49F5-93CC-72A3FF49C026}.Debug|Any CPU.ActiveCfg = Debug|Any CPU
		{073C361E-B8F4-49F5-93CC-72A3FF49C026}.Debug|Any CPU.Build.0 = Debug|Any CPU
		{073C361E-B8F4-49F5-93CC-72A3FF49C026}.Release|Any CPU.ActiveCfg = Release|Any CPU
		{073C361E-B8F4-49F5-93CC-72A3FF49C026}.Release|Any CPU.Build.0 = Release|Any CPU
		{E6D5BF0E-DE92-4D82-A352-EF04B37CB11C}.Debug|Any CPU.ActiveCfg = Debug|Any CPU
		{E6D5BF0E-DE92-4D82-A352-EF04B37CB11C}.Debug|Any CPU.Build.0 = Debug|Any CPU
		{E6D5BF0E-DE92-4D82-A352-EF04B37CB11C}.Release|Any CPU.ActiveCfg = Release|Any CPU
		{E6D5BF0E-DE92-4D82-A352-EF04B37CB11C}.Release|Any CPU.Build.0 = Release|Any CPU
		{1FE30EB9-74A9-47F5-A9F6-7B1FAB672D81}.Debug|Any CPU.ActiveCfg = Debug|Any CPU
		{1FE30EB9-74A9-47F5-A9F6-7B1FAB672D81}.Debug|Any CPU.Build.0 = Debug|Any CPU
		{1FE30EB9-74A9-47F5-A9F6-7B1FAB672D81}.Release|Any CPU.ActiveCfg = Release|Any CPU
		{1FE30EB9-74A9-47F5-A9F6-7B1FAB672D81}.Release|Any CPU.Build.0 = Release|Any CPU
		{91853F21-9CD9-4132-BC29-A7D5D84FFFE7}.Debug|Any CPU.ActiveCfg = Debug|Any CPU
		{91853F21-9CD9-4132-BC29-A7D5D84FFFE7}.Debug|Any CPU.Build.0 = Debug|Any CPU
		{91853F21-9CD9-4132-BC29-A7D5D84FFFE7}.Release|Any CPU.ActiveCfg = Release|Any CPU
		{91853F21-9CD9-4132-BC29-A7D5D84FFFE7}.Release|Any CPU.Build.0 = Release|Any CPU
		{E512F4D9-9375-480F-A2F6-A46509F9D824}.Debug|Any CPU.ActiveCfg = Debug|Any CPU
		{E512F4D9-9375-480F-A2F6-A46509F9D824}.Debug|Any CPU.Build.0 = Debug|Any CPU
		{E512F4D9-9375-480F-A2F6-A46509F9D824}.Release|Any CPU.ActiveCfg = Release|Any CPU
		{E512F4D9-9375-480F-A2F6-A46509F9D824}.Release|Any CPU.Build.0 = Release|Any CPU
		{EF480016-9127-4916-8735-D2466BDBC582}.Debug|Any CPU.ActiveCfg = Debug|Any CPU
		{EF480016-9127-4916-8735-D2466BDBC582}.Debug|Any CPU.Build.0 = Debug|Any CPU
		{EF480016-9127-4916-8735-D2466BDBC582}.Release|Any CPU.ActiveCfg = Release|Any CPU
		{EF480016-9127-4916-8735-D2466BDBC582}.Release|Any CPU.Build.0 = Release|Any CPU
		{AA94D832-1CCC-4715-95A9-A483F23A1A5D}.Debug|Any CPU.ActiveCfg = Debug|Any CPU
		{AA94D832-1CCC-4715-95A9-A483F23A1A5D}.Debug|Any CPU.Build.0 = Debug|Any CPU
		{AA94D832-1CCC-4715-95A9-A483F23A1A5D}.Release|Any CPU.ActiveCfg = Release|Any CPU
		{AA94D832-1CCC-4715-95A9-A483F23A1A5D}.Release|Any CPU.Build.0 = Release|Any CPU
		{08155529-B5B4-4432-9380-F8BEA91C16D4}.Debug|Any CPU.ActiveCfg = Debug|Any CPU
		{08155529-B5B4-4432-9380-F8BEA91C16D4}.Debug|Any CPU.Build.0 = Debug|Any CPU
		{08155529-B5B4-4432-9380-F8BEA91C16D4}.Release|Any CPU.ActiveCfg = Release|Any CPU
		{08155529-B5B4-4432-9380-F8BEA91C16D4}.Release|Any CPU.Build.0 = Release|Any CPU
		{D12DA2FF-3DAE-431E-9A1B-26FCA8BF389E}.Debug|Any CPU.ActiveCfg = Debug|Any CPU
		{D12DA2FF-3DAE-431E-9A1B-26FCA8BF389E}.Debug|Any CPU.Build.0 = Debug|Any CPU
		{D12DA2FF-3DAE-431E-9A1B-26FCA8BF389E}.Release|Any CPU.ActiveCfg = Release|Any CPU
		{D12DA2FF-3DAE-431E-9A1B-26FCA8BF389E}.Release|Any CPU.Build.0 = Release|Any CPU
		{2DA62102-40DD-49D2-95E2-24E01153006F}.Debug|Any CPU.ActiveCfg = Debug|Any CPU
		{2DA62102-40DD-49D2-95E2-24E01153006F}.Debug|Any CPU.Build.0 = Debug|Any CPU
		{2DA62102-40DD-49D2-95E2-24E01153006F}.Release|Any CPU.ActiveCfg = Release|Any CPU
		{2DA62102-40DD-49D2-95E2-24E01153006F}.Release|Any CPU.Build.0 = Release|Any CPU
		{A9B81C80-8738-4C0A-B551-1E7B6DBF1501}.Debug|Any CPU.ActiveCfg = Debug|Any CPU
		{A9B81C80-8738-4C0A-B551-1E7B6DBF1501}.Debug|Any CPU.Build.0 = Debug|Any CPU
		{A9B81C80-8738-4C0A-B551-1E7B6DBF1501}.Release|Any CPU.ActiveCfg = Release|Any CPU
		{A9B81C80-8738-4C0A-B551-1E7B6DBF1501}.Release|Any CPU.Build.0 = Release|Any CPU
		{2B41BE59-635C-4CAA-B55E-040B3A649739}.Debug|Any CPU.ActiveCfg = Debug|Any CPU
		{2B41BE59-635C-4CAA-B55E-040B3A649739}.Debug|Any CPU.Build.0 = Debug|Any CPU
		{2B41BE59-635C-4CAA-B55E-040B3A649739}.Release|Any CPU.ActiveCfg = Release|Any CPU
		{2B41BE59-635C-4CAA-B55E-040B3A649739}.Release|Any CPU.Build.0 = Release|Any CPU
		{053E7A15-D75F-4855-8C58-60FFCBA131E1}.Debug|Any CPU.ActiveCfg = Debug|Any CPU
		{053E7A15-D75F-4855-8C58-60FFCBA131E1}.Debug|Any CPU.Build.0 = Debug|Any CPU
		{053E7A15-D75F-4855-8C58-60FFCBA131E1}.Release|Any CPU.ActiveCfg = Release|Any CPU
		{053E7A15-D75F-4855-8C58-60FFCBA131E1}.Release|Any CPU.Build.0 = Release|Any CPU
		{77753286-70A5-4EF8-8D7D-A6BD14230F9D}.Debug|Any CPU.ActiveCfg = Debug|Any CPU
		{77753286-70A5-4EF8-8D7D-A6BD14230F9D}.Debug|Any CPU.Build.0 = Debug|Any CPU
		{77753286-70A5-4EF8-8D7D-A6BD14230F9D}.Release|Any CPU.ActiveCfg = Release|Any CPU
		{77753286-70A5-4EF8-8D7D-A6BD14230F9D}.Release|Any CPU.Build.0 = Release|Any CPU
	EndGlobalSection
	GlobalSection(SolutionProperties) = preSolution
		HideSolutionNode = FALSE
	EndGlobalSection
	GlobalSection(NestedProjects) = preSolution
		{554AD327-6DBA-4F8F-96F8-81CE7A0C863F} = {C4D64A8C-0A5A-4D7A-B09E-58C28E533300}
		{1A94A50E-06DC-43C1-80B5-B662820EC3EB} = {F5A45033-E276-475F-BCBF-CCC0A108AAF2}
		{C956DD76-69C8-4A9C-83EA-D17DF83340FD} = {75CFE6E6-F1FE-437C-BC17-FCA9DA5D4EDF}
		{50B2631D-129C-47B3-A587-029CCD6099BC} = {8F2914D4-94B6-4B4A-80DB-52096F7FF2E5}
		{42F719ED-8413-4895-B5B4-5AB56079BC66} = {C4D64A8C-0A5A-4D7A-B09E-58C28E533300}
		{520659C8-C734-4298-A3DA-B539DB9DFC0B} = {F5A45033-E276-475F-BCBF-CCC0A108AAF2}
		{4164BDF7-F527-4E85-9CE6-E3C2D7426A27} = {F5A45033-E276-475F-BCBF-CCC0A108AAF2}
		{3B5A0094-670D-4BB1-BFDD-61B88A8773DC} = {F5A45033-E276-475F-BCBF-CCC0A108AAF2}
		{073C361E-B8F4-49F5-93CC-72A3FF49C026} = {1BF8CE02-34A7-438C-8841-6D23283E0C49}
		{E6D5BF0E-DE92-4D82-A352-EF04B37CB11C} = {F5A45033-E276-475F-BCBF-CCC0A108AAF2}
		{1FE30EB9-74A9-47F5-A9F6-7B1FAB672D81} = {207B7646-D042-4C2C-846F-01BC9196A87D}
		{91853F21-9CD9-4132-BC29-A7D5D84FFFE7} = {207B7646-D042-4C2C-846F-01BC9196A87D}
		{E512F4D9-9375-480F-A2F6-A46509F9D824} = {207B7646-D042-4C2C-846F-01BC9196A87D}
		{EF480016-9127-4916-8735-D2466BDBC582} = {8F2914D4-94B6-4B4A-80DB-52096F7FF2E5}
		{AA94D832-1CCC-4715-95A9-A483F23A1A5D} = {75CFE6E6-F1FE-437C-BC17-FCA9DA5D4EDF}
		{08155529-B5B4-4432-9380-F8BEA91C16D4} = {EEE33B4C-029C-493E-85C7-4E46A38D540D}
		{D12DA2FF-3DAE-431E-9A1B-26FCA8BF389E} = {EEE33B4C-029C-493E-85C7-4E46A38D540D}
		{2DA62102-40DD-49D2-95E2-24E01153006F} = {EEE33B4C-029C-493E-85C7-4E46A38D540D}
		{A9B81C80-8738-4C0A-B551-1E7B6DBF1501} = {EEE33B4C-029C-493E-85C7-4E46A38D540D}
		{2B41BE59-635C-4CAA-B55E-040B3A649739} = {EEE33B4C-029C-493E-85C7-4E46A38D540D}
		{EEE33B4C-029C-493E-85C7-4E46A38D540D} = {CA9AC87F-097E-4F15-8393-4BC07735A5B0}
		{F5A45033-E276-475F-BCBF-CCC0A108AAF2} = {CA9AC87F-097E-4F15-8393-4BC07735A5B0}
		{BF38E484-9DF9-4770-B708-19327203FC6A} = {CA9AC87F-097E-4F15-8393-4BC07735A5B0}
		{C4D64A8C-0A5A-4D7A-B09E-58C28E533300} = {BF38E484-9DF9-4770-B708-19327203FC6A}
		{75CFE6E6-F1FE-437C-BC17-FCA9DA5D4EDF} = {BF38E484-9DF9-4770-B708-19327203FC6A}
		{1BF8CE02-34A7-438C-8841-6D23283E0C49} = {CA9AC87F-097E-4F15-8393-4BC07735A5B0}
		{CDF7095A-5DAB-4EB8-9A71-CAE8C43CE50F} = {04DBDB01-70F4-4E06-B468-8F87850B22BE}
		{8F2914D4-94B6-4B4A-80DB-52096F7FF2E5} = {04DBDB01-70F4-4E06-B468-8F87850B22BE}
		{207B7646-D042-4C2C-846F-01BC9196A87D} = {04DBDB01-70F4-4E06-B468-8F87850B22BE}
		{053E7A15-D75F-4855-8C58-60FFCBA131E1} = {CDF7095A-5DAB-4EB8-9A71-CAE8C43CE50F}
		{77753286-70A5-4EF8-8D7D-A6BD14230F9D} = {CDF7095A-5DAB-4EB8-9A71-CAE8C43CE50F}
	EndGlobalSection
	GlobalSection(ExtensibilityGlobals) = postSolution
		SolutionGuid = {28315BFD-90E7-4E14-A2EA-F3D23AF4126F}
	EndGlobalSection
EndGlobal
